# whoathere.linux_vz_package_runtime_inputs.v1
minirootfs	f55a90f69052c5bd6f92cb09a8f47065970830b194c917a006fb94028e721259	https://dl-cdn.alpinelinux.org/alpine/v3.24/releases/aarch64/alpine-minirootfs-3.24.1-aarch64.tar.gz
runtime_apk	70dd9fe3d2e2153213a93f7a76cef202b2d939839696a7c4d8a4c97cb29cca04	https://dl-cdn.alpinelinux.org/alpine/v3.24/main/aarch64/ada-libs-3.3.0-r0.apk
runtime_apk	e0e7a7892f28326a9f18e09607b1aea72baedda470bc4e3d2b11262b9ae5dda3	https://dl-cdn.alpinelinux.org/alpine/v3.24/main/aarch64/brotli-libs-1.2.0-r1.apk
runtime_apk	18e3490a6f024004b2b13dd4b54bd50ccd82894938023b2d4eab389a4edcba70	https://dl-cdn.alpinelinux.org/alpine/v3.24/main/aarch64/busybox-1.37.0-r31.apk
runtime_apk	f3a1b2257cfa114ff20de05c665f380695385d589908bfc9af5768f39fef9ef5	https://dl-cdn.alpinelinux.org/alpine/v3.24/main/aarch64/busybox-binsh-1.37.0-r31.apk
runtime_apk	689603d300dc56f0b99e313506e4d7b3a3ffb87cec536324f8a306bc218afe67	https://dl-cdn.alpinelinux.org/alpine/v3.24/main/aarch64/c-ares-1.34.8-r0.apk
runtime_apk	be5bd3346e2057d1771ea461cb1f790ef03521450572f0698b9bebf35b4c14d2	https://dl-cdn.alpinelinux.org/alpine/v3.24/main/aarch64/ca-certificates-20260611-r0.apk
runtime_apk	bad50eb26533e2f58e014fbcd3c1744f2fdb79954af6e3c188ccd059251c7790	https://dl-cdn.alpinelinux.org/alpine/v3.24/main/aarch64/gdbm-1.26-r0.apk
runtime_apk	3fa1dfb91a081f73c32a46f6ec054196caa37c9fd9569c433ddf6b29415dcf13	https://dl-cdn.alpinelinux.org/alpine/v3.24/main/aarch64/icu-data-en-78.1-r0.apk
runtime_apk	2393882dcf1e3f5be98696665c3468dd0d2a85cd568d50abd232729863df9738	https://dl-cdn.alpinelinux.org/alpine/v3.24/main/aarch64/icu-libs-78.1-r0.apk
runtime_apk	28cb76bb6d11d2a55c3061b5fcb2ab84996412a248b2c9fe52bb710d0a2a84e7	https://dl-cdn.alpinelinux.org/alpine/v3.24/main/aarch64/libbz2-1.0.8-r6.apk
runtime_apk	936ce77a0f5621c9ebc91395d01c62d1127b13e6981d5eb55cdcae7a389540d0	https://dl-cdn.alpinelinux.org/alpine/v3.24/main/aarch64/libcrypto3-3.5.7-r0.apk
runtime_apk	3c112b8ce1dd8211a6446921654e5f85047db803ed6827147691b4789a523209	https://dl-cdn.alpinelinux.org/alpine/v3.24/main/aarch64/libexpat-2.8.2-r0.apk
runtime_apk	9a67280b0c7c62db658c2d4d32ed1199903bef859c32dd4245e1a7e35c89ab4b	https://dl-cdn.alpinelinux.org/alpine/v3.24/main/aarch64/libffi-3.5.2-r1.apk
runtime_apk	369aaa6e9d099a737bad6dd3e6c2fe7bb1547ca26d22b94ee0411228f709b403	https://dl-cdn.alpinelinux.org/alpine/v3.24/main/aarch64/libgcc-15.2.0-r5.apk
runtime_apk	51a7aa4b3ec40b144d0801c0544e0a9f62e2a41d04b6067bb5e95786040741c6	https://dl-cdn.alpinelinux.org/alpine/v3.24/main/aarch64/libncursesw-6.6_p20260516-r0.apk
runtime_apk	a6912c654c821db4f8a801321709205bd482b0e515b862f2d02045e21b73d97d	https://dl-cdn.alpinelinux.org/alpine/v3.24/main/aarch64/libpanelw-6.6_p20260516-r0.apk
runtime_apk	7b8f7b8b83d799987ad892ff16efd838368e778b4406bd5f4b046547ab7e5551	https://dl-cdn.alpinelinux.org/alpine/v3.24/main/aarch64/libssl3-3.5.7-r0.apk
runtime_apk	2302e766d4e4926038ec166ecb85837ee884576115236ddb565e3a5fca4a11d7	https://dl-cdn.alpinelinux.org/alpine/v3.24/main/aarch64/libstdc++-15.2.0-r5.apk
runtime_apk	358959600f99f58deee30ca9089c7f6f0f1bd73cc0021e321a7dbf6f735935c6	https://dl-cdn.alpinelinux.org/alpine/v3.24/main/aarch64/mpdecimal-4.0.1-r0.apk
runtime_apk	5e9674b7f41152fe2119093b5cb4c13eaaadb19c2d5422b2d7267913e663ee6e	https://dl-cdn.alpinelinux.org/alpine/v3.24/main/aarch64/musl-1.2.6-r2.apk
runtime_apk	e0c546b9461bdce206a90bc720cb69aa4628b5a5b8d908c3e5084e00f28f6a9d	https://dl-cdn.alpinelinux.org/alpine/v3.24/main/aarch64/ncurses-terminfo-base-6.6_p20260516-r0.apk
runtime_apk	10ec950fca526db87bbdc0702ba623fca6639df15abb48229f548d6812563b33	https://dl-cdn.alpinelinux.org/alpine/v3.24/main/aarch64/nghttp2-libs-1.69.0-r0.apk
runtime_apk	60345e7d37bea93f28749b12b1933810322c2fd2dd6472ec6d0bc78447e3ffc5	https://dl-cdn.alpinelinux.org/alpine/v3.24/main/aarch64/nodejs-24.17.0-r0.apk
runtime_apk	447d8304ed66a2d49267f5b239de43912554d7d152eb467c493bb6d213666583	https://dl-cdn.alpinelinux.org/alpine/v3.24/community/aarch64/npm-11.12.1-r0.apk
runtime_apk	c6f12afeaf15c7f4c4d2f9d4e4f3203da2f71a3fc2ba5fe7846cf0d8d8cd15dc	https://dl-cdn.alpinelinux.org/alpine/v3.24/main/aarch64/py3-pip-26.1.2-r0.apk
runtime_apk	c0e417e669c35724ce74c1e90c66ea80dec4a8883a3e7e0f5045b2023c16b9ea	https://dl-cdn.alpinelinux.org/alpine/v3.24/main/aarch64/py3-pip-pyc-26.1.2-r0.apk
runtime_apk	aa480cd7f9f475eed1c6130df255af267341d140e40ddd0e3340cc33ec39ceb8	https://dl-cdn.alpinelinux.org/alpine/v3.24/main/aarch64/pyc-3.14.5-r0.apk
runtime_apk	d5b84827794a6e869e3e411b02b15b2c82b59c0404c3be0981105bc267d1c7c4	https://dl-cdn.alpinelinux.org/alpine/v3.24/main/aarch64/python3-3.14.5-r0.apk
runtime_apk	5851754490435c627986ec2cdbc90f69e417d3ac33dac96095cccb09a93c2917	https://dl-cdn.alpinelinux.org/alpine/v3.24/main/aarch64/python3-pyc-3.14.5-r0.apk
runtime_apk	375735abbcbed4201f5619084e6b723fb4057dcb7b468ab8c835355ca8315936	https://dl-cdn.alpinelinux.org/alpine/v3.24/main/aarch64/python3-pycache-pyc0-3.14.5-r0.apk
runtime_apk	9f0ae0923c02b0d6aba62e9173542b65396ba3f0efefcbf087ea32f1120e7b34	https://dl-cdn.alpinelinux.org/alpine/v3.24/main/aarch64/readline-8.3.3-r1.apk
runtime_apk	8e35f0644c8157c0d5ccdaaf001e70bb6640777b1b680e714e6a453d178829fd	https://dl-cdn.alpinelinux.org/alpine/v3.24/main/aarch64/simdjson-4.2.4-r0.apk
runtime_apk	336f5dfe8b0f784462cbccb4b58f71c15d64388c784ebca8568c8615b6f3c6b2	https://dl-cdn.alpinelinux.org/alpine/v3.24/main/aarch64/simdutf-9.0.0-r0.apk
runtime_apk	cac0cd8542620ec91ad0bb7b0f67eabc8245a77a42cb22a03aed8d5d4692729d	https://dl-cdn.alpinelinux.org/alpine/v3.24/main/aarch64/sqlite-libs-3.53.2-r0.apk
runtime_apk	fa2911d412b7922b17a07829914ee630c2cd7091ef558abd4329ffb6020f879d	https://dl-cdn.alpinelinux.org/alpine/v3.24/main/aarch64/ssl_client-1.37.0-r31.apk
runtime_apk	76dce86852903fef7adba0285d816e5ce9ffbe9fb3ca86bbb349b97afaba1f63	https://dl-cdn.alpinelinux.org/alpine/v3.24/main/aarch64/xz-libs-5.8.3-r0.apk
runtime_apk	a535991af7c9e8369ebbf33c1e388c1bc63c87ead5142eddaee71f65836c33e3	https://dl-cdn.alpinelinux.org/alpine/v3.24/main/aarch64/zlib-1.3.2-r0.apk
runtime_apk	2bb5136c89f5b0bbe1554c8915a3b520d5aa63ae2a51d4d821eb81698db5a818	https://dl-cdn.alpinelinux.org/alpine/v3.24/main/aarch64/zstd-libs-1.5.7-r2.apk
build_apk	5bfce1fc46a3625268a7a60c10b5680aa846534d98856a108e692824a1f1b710	https://dl-cdn.alpinelinux.org/alpine/v3.24/main/aarch64/acl-libs-2.3.2-r1.apk
build_apk	52fd401e79ce6b0ff7648733ba4de3135083cd0132543534e72106e7ea767a00	https://dl-cdn.alpinelinux.org/alpine/v3.24/main/aarch64/e2fsprogs-1.47.4-r0.apk
build_apk	70b0a01bf62349263a8f400809c7512e991b7db13dbebbf9b3a1cb3b3d21efcc	https://dl-cdn.alpinelinux.org/alpine/v3.24/main/aarch64/e2fsprogs-extra-1.47.4-r0.apk
build_apk	52124971ae397d599aadd79263fcd68fc9e271922ccf8185b124f35fe24c60c8	https://dl-cdn.alpinelinux.org/alpine/v3.24/main/aarch64/e2fsprogs-libs-1.47.4-r0.apk
build_apk	3d42aec1ce7211e45e4bbcd36a97162042d0705d06da42376137996b3c8a696a	https://dl-cdn.alpinelinux.org/alpine/v3.24/community/aarch64/genext2fs-1.6.2-r0.apk
build_apk	d439db1519d7cf99cd5c989fe001a283f8e1e99e79d86faf22876dbcec8e47b4	https://dl-cdn.alpinelinux.org/alpine/v3.24/main/aarch64/libarchive-3.8.7-r0.apk
build_apk	5de536dd5f80772946aebf99211695a1f4ad033568d5c9ebd0d7d1dead33de44	https://dl-cdn.alpinelinux.org/alpine/v3.24/main/aarch64/libblkid-2.42.1-r0.apk
build_apk	28cb76bb6d11d2a55c3061b5fcb2ab84996412a248b2c9fe52bb710d0a2a84e7	https://dl-cdn.alpinelinux.org/alpine/v3.24/main/aarch64/libbz2-1.0.8-r6.apk
build_apk	a75b5955ff57046e33fc2842cfe466dc77d8e68305d5c86c6646b38a069490a2	https://dl-cdn.alpinelinux.org/alpine/v3.24/main/aarch64/libcom_err-1.47.4-r0.apk
build_apk	936ce77a0f5621c9ebc91395d01c62d1127b13e6981d5eb55cdcae7a389540d0	https://dl-cdn.alpinelinux.org/alpine/v3.24/main/aarch64/libcrypto3-3.5.7-r0.apk
build_apk	cf0899d49ded0a6891e3cdf1b37887f2ecd77293afe1d8f3cb8937763c83f183	https://dl-cdn.alpinelinux.org/alpine/v3.24/main/aarch64/libeconf-0.8.3-r0.apk
build_apk	3c112b8ce1dd8211a6446921654e5f85047db803ed6827147691b4789a523209	https://dl-cdn.alpinelinux.org/alpine/v3.24/main/aarch64/libexpat-2.8.2-r0.apk
build_apk	d2f69552b05184ba205dbc8aa0e79f8a080fcf746ec5e5e25eb89d66fbbe6db6	https://dl-cdn.alpinelinux.org/alpine/v3.24/main/aarch64/libuuid-2.42.1-r0.apk
build_apk	af6cbe553adda941e04ac40cf0123455b714d65392472389113e7d6dcebbd8d8	https://dl-cdn.alpinelinux.org/alpine/v3.24/main/aarch64/lz4-libs-1.10.0-r1.apk
build_apk	5e9674b7f41152fe2119093b5cb4c13eaaadb19c2d5422b2d7267913e663ee6e	https://dl-cdn.alpinelinux.org/alpine/v3.24/main/aarch64/musl-1.2.6-r2.apk
build_apk	4172426271a516475f63be96208f77af7bd77966e7bffc2d0acb344ccf0a745d	https://dl-cdn.alpinelinux.org/alpine/v3.24/main/aarch64/tar-1.35-r5.apk
build_apk	76dce86852903fef7adba0285d816e5ce9ffbe9fb3ca86bbb349b97afaba1f63	https://dl-cdn.alpinelinux.org/alpine/v3.24/main/aarch64/xz-libs-5.8.3-r0.apk
build_apk	a535991af7c9e8369ebbf33c1e388c1bc63c87ead5142eddaee71f65836c33e3	https://dl-cdn.alpinelinux.org/alpine/v3.24/main/aarch64/zlib-1.3.2-r0.apk
build_apk	2bb5136c89f5b0bbe1554c8915a3b520d5aa63ae2a51d4d821eb81698db5a818	https://dl-cdn.alpinelinux.org/alpine/v3.24/main/aarch64/zstd-libs-1.5.7-r2.apk
