# This file is automatically @generated by Cargo.
# It is not intended for manual editing.
version = 4

[[package]]
name = "adler2"
version = "2.0.1"
source = "registry+https://github.com/rust-lang/crates.io-index"
checksum = "320119579fcad9c21884f5c4861d16174d0e06250625266f50fe6898340abefa"

[[package]]
name = "block-buffer"
version = "0.12.1"
source = "registry+https://github.com/rust-lang/crates.io-index"
checksum = "d2f6c7dbe95a6ed67ad9f18e57daf93a2f034c524b99fd2b76d18fdfeb6660aa"
dependencies = [
 "hybrid-array",
]

[[package]]
name = "cfg-if"
version = "1.0.4"
source = "registry+https://github.com/rust-lang/crates.io-index"
checksum = "9330f8b2ff13f34540b44e946ef35111825727b38d33286ef986142615121801"

[[package]]
name = "cpufeatures"
version = "0.3.0"
source = "registry+https://github.com/rust-lang/crates.io-index"
checksum = "8b2a41393f66f16b0823bb79094d54ac5fbd34ab292ddafb9a0456ac9f87d201"
dependencies = [
 "libc",
]

[[package]]
name = "crc32fast"
version = "1.5.0"
source = "registry+https://github.com/rust-lang/crates.io-index"
checksum = "9481c1c90cbf2ac953f07c8d4a58aa3945c425b7185c9154d67a65e4230da511"
dependencies = [
 "cfg-if",
]

[[package]]
name = "crypto-common"
version = "0.2.2"
source = "registry+https://github.com/rust-lang/crates.io-index"
checksum = "ce6e4c961d6cd6c9a86db418387425e8bdeaf05b3c8bc1411e6dca4c252f1453"
dependencies = [
 "hybrid-array",
]

[[package]]
name = "curve25519-dalek"
version = "5.0.0"
source = "registry+https://github.com/rust-lang/crates.io-index"
checksum = "b5eed333089e2e1c1ac8c6c0398e5e2497b4c9926ca6d0365ed1e099afa5bc23"
dependencies = [
 "cfg-if",
 "cpufeatures",
 "curve25519-dalek-derive",
 "digest",
 "fiat-crypto",
 "rustc_version",
 "subtle",
 "zeroize",
]

[[package]]
name = "curve25519-dalek-derive"
version = "0.1.1"
source = "registry+https://github.com/rust-lang/crates.io-index"
checksum = "f46882e17999c6cc590af592290432be3bce0428cb0d5f8b6715e4dc7b383eb3"
dependencies = [
 "proc-macro2",
 "quote",
 "syn",
]

[[package]]
name = "digest"
version = "0.11.3"
source = "registry+https://github.com/rust-lang/crates.io-index"
checksum = "f1dd6dbb5841937940781866fa1281a1ff7bd3bf827091440879f9994983d5c2"
dependencies = [
 "block-buffer",
 "crypto-common",
]

[[package]]
name = "ed25519"
version = "3.0.0"
source = "registry+https://github.com/rust-lang/crates.io-index"
checksum = "29fcf32e6c73d1079f83ab4d782de2d81620346a5f38c6237a86a22f8368980a"
dependencies = [
 "signature",
]

[[package]]
name = "ed25519-dalek"
version = "3.0.0"
source = "registry+https://github.com/rust-lang/crates.io-index"
checksum = "6ebaa1a2bf1290ab3bfe5a7b771d050ebffab2711c19a81691c683a5144a25de"
dependencies = [
 "curve25519-dalek",
 "ed25519",
 "sha2",
 "subtle",
 "zeroize",
]

[[package]]
name = "equivalent"
version = "1.0.2"
source = "registry+https://github.com/rust-lang/crates.io-index"
checksum = "877a4ace8713b0bcf2a4e7eec82529c029f1d0619886d18145fea96c3ffe5c0f"

[[package]]
name = "fiat-crypto"
version = "0.3.0"
source = "registry+https://github.com/rust-lang/crates.io-index"
checksum = "64cd1e32ddd350061ae6edb1b082d7c54915b5c672c389143b9a63403a109f24"

[[package]]
name = "filetime"
version = "0.2.29"
source = "registry+https://github.com/rust-lang/crates.io-index"
checksum = "5c287a33c7f0a620c38e641e7f60827713987b3c0f26e8ddc9462cc69cf75759"
dependencies = [
 "cfg-if",
 "libc",
]

[[package]]
name = "flate2"
version = "1.1.9"
source = "registry+https://github.com/rust-lang/crates.io-index"
checksum = "843fba2746e448b37e26a819579957415c8cef339bf08564fe8b7ddbd959573c"
dependencies = [
 "crc32fast",
 "miniz_oxide",
]

[[package]]
name = "getrandom"
version = "0.4.3"
source = "registry+https://github.com/rust-lang/crates.io-index"
checksum = "300e883d756b2e4ec94e02791f39b04b522276138852cfc41d9fb7e904106099"
dependencies = [
 "cfg-if",
 "libc",
 "r-efi",
]

[[package]]
name = "hashbrown"
version = "0.17.1"
source = "registry+https://github.com/rust-lang/crates.io-index"
checksum = "ed5909b6e89a2db4456e54cd5f673791d7eca6732202bbf2a9cc504fe2f9b84a"

[[package]]
name = "hybrid-array"
version = "0.4.13"
source = "registry+https://github.com/rust-lang/crates.io-index"
checksum = "818356c5132c1fede50f837ca96afbe78ff42413047f4abb886217845e1b6c8c"
dependencies = [
 "typenum",
]

[[package]]
name = "indexmap"
version = "2.14.0"
source = "registry+https://github.com/rust-lang/crates.io-index"
checksum = "d466e9454f08e4a911e14806c24e16fba1b4c121d1ea474396f396069cf949d9"
dependencies = [
 "equivalent",
 "hashbrown",
]

[[package]]
name = "itoa"
version = "1.0.18"
source = "registry+https://github.com/rust-lang/crates.io-index"
checksum = "8f42a60cbdf9a97f5d2305f08a87dc4e09308d1276d28c869c684d7777685682"

[[package]]
name = "libc"
version = "0.2.186"
source = "registry+https://github.com/rust-lang/crates.io-index"
checksum = "68ab91017fe16c622486840e4c83c9a37afeff978bd239b5293d61ece587de66"

[[package]]
name = "memchr"
version = "2.8.3"
source = "registry+https://github.com/rust-lang/crates.io-index"
checksum = "cf8baf1c55e62ffcace7a9f06f4bd9cd3f0c4beb022d3b367256b91b87513d98"

[[package]]
name = "miniz_oxide"
version = "0.8.9"
source = "registry+https://github.com/rust-lang/crates.io-index"
checksum = "1fa76a2c86f704bdb222d66965fb3d63269ce38518b83cb0575fca855ebb6316"
dependencies = [
 "adler2",
 "simd-adler32",
]

[[package]]
name = "proc-macro2"
version = "1.0.106"
source = "registry+https://github.com/rust-lang/crates.io-index"
checksum = "8fd00f0bb2e90d81d1044c2b32617f68fcb9fa3bb7640c23e9c748e53fb30934"
dependencies = [
 "unicode-ident",
]

[[package]]
name = "quote"
version = "1.0.46"
source = "registry+https://github.com/rust-lang/crates.io-index"
checksum = "dfbc457d0c7a0759a614551b11a6409e5951f6c7537be1f1b7682b9ae9230368"
dependencies = [
 "proc-macro2",
]

[[package]]
name = "r-efi"
version = "6.0.0"
source = "registry+https://github.com/rust-lang/crates.io-index"
checksum = "f8dcc9c7d52a811697d2151c701e0d08956f92b0e24136cf4cf27b57a6a0d9bf"

[[package]]
name = "rustc_version"
version = "0.4.1"
source = "registry+https://github.com/rust-lang/crates.io-index"
checksum = "cfcb3a22ef46e85b45de6ee7e79d063319ebb6594faafcf1c225ea92ab6e9b92"
dependencies = [
 "semver",
]

[[package]]
name = "ryu-js"
version = "1.0.2"
source = "registry+https://github.com/rust-lang/crates.io-index"
checksum = "dd29631678d6fb0903b69223673e122c32e9ae559d0960a38d574695ebc0ea15"

[[package]]
name = "semver"
version = "1.0.28"
source = "registry+https://github.com/rust-lang/crates.io-index"
checksum = "8a7852d02fc848982e0c167ef163aaff9cd91dc640ba85e263cb1ce46fae51cd"

[[package]]
name = "serde"
version = "1.0.228"
source = "registry+https://github.com/rust-lang/crates.io-index"
checksum = "9a8e94ea7f378bd32cbbd37198a4a91436180c5bb472411e48b5ec2e2124ae9e"
dependencies = [
 "serde_core",
 "serde_derive",
]

[[package]]
name = "serde_core"
version = "1.0.228"
source = "registry+https://github.com/rust-lang/crates.io-index"
checksum = "41d385c7d4ca58e59fc732af25c3983b67ac852c1a25000afe1175de458b67ad"
dependencies = [
 "serde_derive",
]

[[package]]
name = "serde_derive"
version = "1.0.228"
source = "registry+https://github.com/rust-lang/crates.io-index"
checksum = "d540f220d3187173da220f885ab66608367b6574e925011a9353e4badda91d79"
dependencies = [
 "proc-macro2",
 "quote",
 "syn",
]

[[package]]
name = "serde_json"
version = "1.0.150"
source = "registry+https://github.com/rust-lang/crates.io-index"
checksum = "e8014e44b4736ed0538adeecded0fce2a272f22dc9578a7eb6b2d9993c74cfb9"
dependencies = [
 "itoa",
 "memchr",
 "serde",
 "serde_core",
 "zmij",
]

[[package]]
name = "serde_json_canonicalizer"
version = "0.3.2"
source = "registry+https://github.com/rust-lang/crates.io-index"
checksum = "fe52319a927259afbfa5180c5157cd8167edfd3e8c254f9558c7fef44c5649f2"
dependencies = [
 "ryu-js",
 "serde",
 "serde_json",
]

[[package]]
name = "serde_spanned"
version = "0.6.9"
source = "registry+https://github.com/rust-lang/crates.io-index"
checksum = "bf41e0cfaf7226dca15e8197172c295a782857fcb97fad1808a166870dee75a3"
dependencies = [
 "serde",
]

[[package]]
name = "sha2"
version = "0.11.0"
source = "registry+https://github.com/rust-lang/crates.io-index"
checksum = "446ba717509524cb3f22f17ecc096f10f4822d76ab5c0b9822c5f9c284e825f4"
dependencies = [
 "cfg-if",
 "cpufeatures",
 "digest",
]

[[package]]
name = "signature"
version = "3.0.0"
source = "registry+https://github.com/rust-lang/crates.io-index"
checksum = "28d567dcbaf0049cb8ac2608a76cd95ff9e4412e1899d389ee400918ca7537f5"

[[package]]
name = "simd-adler32"
version = "0.3.9"
source = "registry+https://github.com/rust-lang/crates.io-index"
checksum = "703d5c7ef118737c72f1af64ad2f6f8c5e1921f818cdcb97b8fe6fc69bf66214"

[[package]]
name = "subtle"
version = "2.6.1"
source = "registry+https://github.com/rust-lang/crates.io-index"
checksum = "13c2bddecc57b384dee18652358fb23172facb8a2c51ccc10d74c157bdea3292"

[[package]]
name = "syn"
version = "2.0.118"
source = "registry+https://github.com/rust-lang/crates.io-index"
checksum = "1b9ae57f904213ebb649ce6895b8a66c66f0203b9319718f69a5612a065b1422"
dependencies = [
 "proc-macro2",
 "quote",
 "unicode-ident",
]

[[package]]
name = "tar"
version = "0.4.46"
source = "registry+https://github.com/rust-lang/crates.io-index"
checksum = "3f6221d9a6003c78398e3b239969f352578258df48c8eb051caadae0015bc840"
dependencies = [
 "filetime",
 "libc",
]

[[package]]
name = "thiserror"
version = "2.0.18"
source = "registry+https://github.com/rust-lang/crates.io-index"
checksum = "4288b5bcbc7920c07a1149a35cf9590a2aa808e0bc1eafaade0b80947865fbc4"
dependencies = [
 "thiserror-impl",
]

[[package]]
name = "thiserror-impl"
version = "2.0.18"
source = "registry+https://github.com/rust-lang/crates.io-index"
checksum = "ebc4ee7f67670e9b64d05fa4253e753e016c6c95ff35b89b7941d6b856dec1d5"
dependencies = [
 "proc-macro2",
 "quote",
 "syn",
]

[[package]]
name = "tinyvec"
version = "1.11.0"
source = "registry+https://github.com/rust-lang/crates.io-index"
checksum = "3e61e67053d25a4e82c844e8424039d9745781b3fc4f32b8d55ed50f5f667ef3"
dependencies = [
 "tinyvec_macros",
]

[[package]]
name = "tinyvec_macros"
version = "0.1.1"
source = "registry+https://github.com/rust-lang/crates.io-index"
checksum = "1f3ccbac311fea05f86f61904b462b55fb3df8837a366dfc601a0161d0532f20"

[[package]]
name = "toml"
version = "0.8.23"
source = "registry+https://github.com/rust-lang/crates.io-index"
checksum = "dc1beb996b9d83529a9e75c17a1686767d148d70663143c7854d8b4a09ced362"
dependencies = [
 "serde",
 "serde_spanned",
 "toml_datetime",
 "toml_edit",
]

[[package]]
name = "toml_datetime"
version = "0.6.11"
source = "registry+https://github.com/rust-lang/crates.io-index"
checksum = "22cddaf88f4fbc13c51aebbf5f8eceb5c7c5a9da2ac40a13519eb5b0a0e8f11c"
dependencies = [
 "serde",
]

[[package]]
name = "toml_edit"
version = "0.22.27"
source = "registry+https://github.com/rust-lang/crates.io-index"
checksum = "41fe8c660ae4257887cf66394862d21dbca4a6ddd26f04a3560410406a2f819a"
dependencies = [
 "indexmap",
 "serde",
 "serde_spanned",
 "toml_datetime",
 "toml_write",
 "winnow",
]

[[package]]
name = "toml_write"
version = "0.1.2"
source = "registry+https://github.com/rust-lang/crates.io-index"
checksum = "5d99f8c9a7727884afe522e9bd5edbfc91a3312b36a77b5fb8926e4c31a41801"

[[package]]
name = "typed-path"
version = "0.12.3"
source = "registry+https://github.com/rust-lang/crates.io-index"
checksum = "8e28f89b80c87b8fb0cf04ab448d5dd0dd0ade2f8891bae878de66a75a28600e"

[[package]]
name = "typenum"
version = "1.20.1"
source = "registry+https://github.com/rust-lang/crates.io-index"
checksum = "b6f5e870be6c3b371b77fe0ee0bafb859fa4964b4404c27de1d380043c4dda20"

[[package]]
name = "unicase"
version = "2.9.0"
source = "registry+https://github.com/rust-lang/crates.io-index"
checksum = "dbc4bc3a9f746d862c45cb89d705aa10f187bb96c76001afab07a0d35ce60142"

[[package]]
name = "unicode-ident"
version = "1.0.24"
source = "registry+https://github.com/rust-lang/crates.io-index"
checksum = "e6e4313cd5fcd3dad5cafa179702e2b244f760991f45397d14d4ebf38247da75"

[[package]]
name = "unicode-normalization"
version = "0.1.25"
source = "registry+https://github.com/rust-lang/crates.io-index"
checksum = "5fd4f6878c9cb28d874b009da9e8d183b5abc80117c40bbd187a1fde336be6e8"
dependencies = [
 "tinyvec",
]

[[package]]
name = "whoathere-admission"
version = "0.1.0"
dependencies = [
 "whoathere-detonation",
 "whoathere-evidence",
 "whoathere-vault-api",
]

[[package]]
name = "whoathere-artifact"
version = "0.1.0"
dependencies = [
 "flate2",
 "serde",
 "serde_json",
 "tar",
 "thiserror",
 "toml",
 "unicase",
 "unicode-normalization",
 "whoathere-hash",
 "zip",
]

[[package]]
name = "whoathere-artifact-review-auth"
version = "0.1.0"
dependencies = [
 "ed25519-dalek",
 "flate2",
 "getrandom",
 "libc",
 "serde",
 "serde_json",
 "serde_json_canonicalizer",
 "tar",
 "whoathere-artifact",
 "whoathere-artifact-review-ollama",
 "whoathere-artifact-review-runtime",
 "whoathere-detector",
 "whoathere-evidence",
 "zeroize",
]

[[package]]
name = "whoathere-artifact-review-ollama"
version = "0.1.0"
dependencies = [
 "flate2",
 "serde",
 "serde_json",
 "tar",
 "whoathere-artifact",
 "whoathere-detector",
 "whoathere-evidence",
]

[[package]]
name = "whoathere-artifact-review-runtime"
version = "0.1.0"
dependencies = [
 "flate2",
 "libc",
 "serde_json",
 "tar",
 "whoathere-artifact",
 "whoathere-artifact-review-ollama",
 "whoathere-detector",
 "whoathere-evidence",
]

[[package]]
name = "whoathere-audit"
version = "0.1.0"

[[package]]
name = "whoathere-cache"
version = "0.1.0"
dependencies = [
 "libc",
 "whoathere-vault-api",
]

[[package]]
name = "whoathere-cli"
version = "0.1.0"
dependencies = [
 "whoathere-admission",
 "whoathere-audit",
 "whoathere-cache",
 "whoathere-core",
 "whoathere-detector",
 "whoathere-evidence",
 "whoathere-hash",
 "whoathere-launch",
 "whoathere-macos-vm",
 "whoathere-policy",
 "whoathere-runner",
 "whoathere-sandbox",
 "whoathere-source",
 "whoathere-vault-api",
 "whoathere-vault-dev",
]

[[package]]
name = "whoathere-core"
version = "0.1.0"

[[package]]
name = "whoathere-detector"
version = "0.1.0"
dependencies = [
 "flate2",
 "serde",
 "serde_json",
 "tar",
 "whoathere-artifact",
 "whoathere-evidence",
 "whoathere-hash",
 "zip",
]

[[package]]
name = "whoathere-detonation"
version = "0.1.0"
dependencies = [
 "flate2",
 "serde",
 "serde_json",
 "serde_json_canonicalizer",
 "tar",
 "whoathere-artifact",
 "whoathere-evidence",
 "whoathere-hash",
 "whoathere-vault-api",
 "zip",
]

[[package]]
name = "whoathere-evidence"
version = "0.1.0"

[[package]]
name = "whoathere-hash"
version = "0.1.0"

[[package]]
name = "whoathere-job-log"
version = "0.1.0"
dependencies = [
 "whoathere-evidence",
 "whoathere-hash",
]

[[package]]
name = "whoathere-launch"
version = "0.1.0"
dependencies = [
 "whoathere-core",
 "whoathere-hash",
 "whoathere-sandbox",
 "whoathere-source",
]

[[package]]
name = "whoathere-macos-vm"
version = "0.1.0"
dependencies = [
 "ed25519-dalek",
 "flate2",
 "getrandom",
 "libc",
 "serde",
 "serde_json",
 "serde_json_canonicalizer",
 "sha2",
 "tar",
 "whoathere-artifact",
 "whoathere-detonation",
 "whoathere-evidence",
 "zeroize",
 "zip",
]

[[package]]
name = "whoathere-policy"
version = "0.1.0"
dependencies = [
 "whoathere-core",
]

[[package]]
name = "whoathere-registry"
version = "0.1.0"
dependencies = [
 "whoathere-admission",
 "whoathere-vault-api",
]

[[package]]
name = "whoathere-runner"
version = "0.1.0"
dependencies = [
 "flate2",
 "tar",
 "whoathere-artifact",
 "whoathere-cache",
 "whoathere-detector",
 "whoathere-evidence",
 "whoathere-hash",
]

[[package]]
name = "whoathere-sandbox"
version = "0.1.0"
dependencies = [
 "whoathere-core",
 "whoathere-hash",
]

[[package]]
name = "whoathere-source"
version = "0.1.0"

[[package]]
name = "whoathere-vault-api"
version = "0.1.0"
dependencies = [
 "whoathere-evidence",
 "whoathere-hash",
 "whoathere-sandbox",
]

[[package]]
name = "whoathere-vault-dev"
version = "0.1.0"
dependencies = [
 "whoathere-admission",
 "whoathere-audit",
 "whoathere-cache",
 "whoathere-detector",
 "whoathere-detonation",
 "whoathere-evidence",
 "whoathere-hash",
 "whoathere-job-log",
 "whoathere-registry",
 "whoathere-vault-api",
]

[[package]]
name = "winnow"
version = "0.7.15"
source = "registry+https://github.com/rust-lang/crates.io-index"
checksum = "df79d97927682d2fd8adb29682d1140b343be4ac0f08fd68b7765d9c059d3945"
dependencies = [
 "memchr",
]

[[package]]
name = "zeroize"
version = "1.9.0"
source = "registry+https://github.com/rust-lang/crates.io-index"
checksum = "e13c156562582aa81c60cb29407084cdb54c4164760106ab78e6c5b0858cf64e"

[[package]]
name = "zip"
version = "8.6.0"
source = "registry+https://github.com/rust-lang/crates.io-index"
checksum = "2d04a6b5381502aa6087c94c669499eb1602eb9c5e8198e534de571f7154809b"
dependencies = [
 "crc32fast",
 "flate2",
 "indexmap",
 "memchr",
 "typed-path",
]

[[package]]
name = "zmij"
version = "1.0.21"
source = "registry+https://github.com/rust-lang/crates.io-index"
checksum = "b8848ee67ecc8aedbaf3e4122217aff892639231befc6a1b58d29fff4c2cabaa"
