# This file is automatically @generated by Cargo.
# It is not intended for manual editing.
version = 4

[[package]]
name = "whoathere-admission"
version = "0.1.0"
dependencies = [
 "whoathere-evidence",
 "whoathere-vault-api",
]

[[package]]
name = "whoathere-audit"
version = "0.1.0"

[[package]]
name = "whoathere-cache"
version = "0.1.0"
dependencies = [
 "whoathere-vault-api",
]

[[package]]
name = "whoathere-cli"
version = "0.1.0"
dependencies = [
 "whoathere-admission",
 "whoathere-audit",
 "whoathere-cache",
 "whoathere-core",
 "whoathere-detector",
 "whoathere-evidence",
 "whoathere-launch",
 "whoathere-policy",
 "whoathere-runner",
 "whoathere-sandbox",
 "whoathere-source",
 "whoathere-vault-api",
 "whoathere-vault-dev",
]

[[package]]
name = "whoathere-core"
version = "0.1.0"

[[package]]
name = "whoathere-detector"
version = "0.1.0"
dependencies = [
 "whoathere-evidence",
 "whoathere-hash",
]

[[package]]
name = "whoathere-evidence"
version = "0.1.0"

[[package]]
name = "whoathere-hash"
version = "0.1.0"

[[package]]
name = "whoathere-job-log"
version = "0.1.0"
dependencies = [
 "whoathere-evidence",
 "whoathere-hash",
]

[[package]]
name = "whoathere-launch"
version = "0.1.0"
dependencies = [
 "whoathere-core",
 "whoathere-hash",
 "whoathere-sandbox",
 "whoathere-source",
]

[[package]]
name = "whoathere-policy"
version = "0.1.0"
dependencies = [
 "whoathere-core",
]

[[package]]
name = "whoathere-registry"
version = "0.1.0"
dependencies = [
 "whoathere-admission",
 "whoathere-vault-api",
]

[[package]]
name = "whoathere-runner"
version = "0.1.0"

[[package]]
name = "whoathere-sandbox"
version = "0.1.0"
dependencies = [
 "whoathere-core",
 "whoathere-hash",
]

[[package]]
name = "whoathere-source"
version = "0.1.0"

[[package]]
name = "whoathere-vault-api"
version = "0.1.0"
dependencies = [
 "whoathere-evidence",
 "whoathere-hash",
 "whoathere-sandbox",
]

[[package]]
name = "whoathere-vault-dev"
version = "0.1.0"
dependencies = [
 "whoathere-admission",
 "whoathere-audit",
 "whoathere-cache",
 "whoathere-detector",
 "whoathere-evidence",
 "whoathere-hash",
 "whoathere-job-log",
 "whoathere-registry",
 "whoathere-vault-api",
]
